
Microsoft Visual Studio Solution File, Format Version 12.00
# Visual Studio 15
VisualStudioVersion = 15.0.26430.15
MinimumVisualStudioVersion = 10.0.40219.1
Project("{FAE04EC0-301F-11D3-BF4B-00C04F79EFBC}") = "CSI.IntercomAlarm", "CSI.IntercomAlarm\CSI.IntercomAlarm.csproj", "{FDD30F49-3D93-45CE-B699-72ECD99659AC}"
EndProject
Project("{54435603-DBB4-11D2-8724-00A0C9A8B90C}") = "CSI.IntercomAlarm.Installer", "CSI.IntercomAlarm.Installer\CSI.IntercomAlarm.Installer.vdproj", "{E9C6FA84-E771-4762-9C75-F5637C1325D6}"
EndProject
Global
	GlobalSection(SolutionConfigurationPlatforms) = preSolution
		Debug|Any CPU = Debug|Any CPU
		Release|Any CPU = Release|Any CPU
	EndGlobalSection
	GlobalSection(ProjectConfigurationPlatforms) = postSolution
		{FDD30F49-3D93-45CE-B699-72ECD99659AC}.Debug|Any CPU.ActiveCfg = Debug|Any CPU
		{FDD30F49-3D93-45CE-B699-72ECD99659AC}.Debug|Any CPU.Build.0 = Debug|Any CPU
		{FDD30F49-3D93-45CE-B699-72ECD99659AC}.Release|Any CPU.ActiveCfg = Release|Any CPU
		{FDD30F49-3D93-45CE-B699-72ECD99659AC}.Release|Any CPU.Build.0 = Release|Any CPU
		{E9C6FA84-E771-4762-9C75-F5637C1325D6}.Debug|Any CPU.ActiveCfg = Debug
		{E9C6FA84-E771-4762-9C75-F5637C1325D6}.Release|Any CPU.ActiveCfg = Release
	EndGlobalSection
	GlobalSection(SolutionProperties) = preSolution
		HideSolutionNode = FALSE
	EndGlobalSection
EndGlobal
